{
  "name": "blog",
  "lockfileVersion": 2,
  "requires": true,
  "packages": {
    "": {
      "dependencies": {
        "mdweblog": "0.6.1"
      }
    },
    "../mdweblog": {
      "version": "0.6.1",
      "license": "GPL-3.0-or-later",
      "dependencies": {
        "glob": "^7.1.6",
        "gray-matter": "^4.0.2",
        "marked": "^2.0.1",
        "mermaid": "^8.9.2",
        "mkdirp": "^1.0.4"
      },
      "bin": {
        "mdweblog": "src/bin.js"
      }
    },
    "node_modules/mdweblog": {
      "resolved": "../mdweblog",
      "link": true
    }
  },
  "dependencies": {
    "mdweblog": {
      "version": "file:../mdweblog",
      "requires": {
        "glob": "^7.1.6",
        "gray-matter": "^4.0.2",
        "marked": "^2.0.1",
        "mermaid": "^8.9.2",
        "mkdirp": "^1.0.4"
      }
    }
  }
}
